# THIS IS AN AUTOGENERATED FILE. DO NOT EDIT THIS FILE DIRECTLY.
# yarn lockfile v1


"@hotwired/stimulus@^3.2.2":
  version "3.2.2"
  resolved "https://registry.yarnpkg.com/@hotwired/stimulus/-/stimulus-3.2.2.tgz#071aab59c600fed95b97939e605ff261a4251608"
  integrity sha512-eGeIqNOQpXoPAIP7tC1+1Yc1yl1xnwYqg+3mzqxyrbE5pg5YFBZcA6YoTiByJB6DKAEsiWtl6tjTJS4IYtbB7A==

"@hotwired/turbo-rails@^8.0.23":
  version "8.0.23"
  resolved "https://registry.yarnpkg.com/@hotwired/turbo-rails/-/turbo-rails-8.0.23.tgz#7a84ad041cb0f3e5d9ff97d1a1f0291550a93fc9"
  integrity sha512-iBILwda3qmQC7FYM70+4s6kEQ7Fx9dJ6+yGxjPyrz9a5JDx1+y7OAA5TA7GGVOZJoicMLrKGdFDNorl40X35lw==
  dependencies:
    "@hotwired/turbo" "^8.0.23"
    "@rails/actioncable" ">=7.0"

"@hotwired/turbo@^8.0.23":
  version "8.0.23"
  resolved "https://registry.yarnpkg.com/@hotwired/turbo/-/turbo-8.0.23.tgz#a6eebc9ab4a5faadae265a4cbec8cfcb5731e77c"
  integrity sha512-GZ7cijxEZ6Ig71u7rD6LHaRv/wcE/hNsc+nEfiWOkLNqUgLOwo5MNGWOy5ZV9ZUDSiQx1no7YxjTNnT4O6//cQ==

"@lydell/node-pty-darwin-arm64@1.2.0-beta.15":
  version "1.2.0-beta.15"
  resolved "https://registry.yarnpkg.com/@lydell/node-pty-darwin-arm64/-/node-pty-darwin-arm64-1.2.0-beta.15.tgz#d2d8ff51fecd0427e26bb0992c7b24b920075c91"
  integrity sha512-6TSBbzdcLiNTHl1mTuzflqXrkmcC36USVGvERoDgvHk2ItEDaMaFZuAJ1CqPmwYj0DyhCS16TVS8OGK9xZnjyQ==

"@lydell/node-pty-darwin-x64@1.2.0-beta.15":
  version "1.2.0-beta.15"
  resolved "https://registry.yarnpkg.com/@lydell/node-pty-darwin-x64/-/node-pty-darwin-x64-1.2.0-beta.15.tgz#95e2db68bdb402b1bf8e3444ae26745ad00408ec"
  integrity sha512-yDT2oqPqYMBScyuk1U9Rg5VKcrbMOD9o9jWYYamDADA3NSbUISroPChrqYRQ74Y7BQtNH4gqYAiWOZRi5uQZ0Q==

"@lydell/node-pty-linux-arm64@1.2.0-beta.15":
  version "1.2.0-beta.15"
  resolved "https://registry.yarnpkg.com/@lydell/node-pty-linux-arm64/-/node-pty-linux-arm64-1.2.0-beta.15.tgz#26a18ea8d7dafbe8ce313e87ce70ab8e50cc101b"
  integrity sha512-wkbNF7dYAmtJv+o2+iztVlNwnUB4B0uX0wh/UD+mwMcmE2gNMnW9GChXO7fEE5XJokD0vB5idiHpGegaN+G/sg==

"@lydell/node-pty-linux-x64@1.2.0-beta.15":
  version "1.2.0-beta.15"
  resolved "https://registry.yarnpkg.com/@lydell/node-pty-linux-x64/-/node-pty-linux-x64-1.2.0-beta.15.tgz#a6eca839e1e13eec77665443ccda7972d8093b0d"
  integrity sha512-+U/5AVvHT6W+8OCYcnJgN0Qgc0ycO3TfD6aaFJHK+WHij797f8gsi5dV1HEO9l6YQmWCD+VL5gaLDhx3mxHwCA==

"@lydell/node-pty-win32-arm64@1.2.0-beta.15":
  version "1.2.0-beta.15"
  resolved "https://registry.yarnpkg.com/@lydell/node-pty-win32-arm64/-/node-pty-win32-arm64-1.2.0-beta.15.tgz#73c28ee4a3f69bf92d8e63d640bc5e864c180125"
  integrity sha512-pyAk91w7wnnKrD4mrHXtIXRfmzSWV5bEzvRhurXcMCtCc2TJ424ciUskIgWMhAPP6y3KyUnqElj+U6kY3iOt0A==

"@lydell/node-pty-win32-x64@1.2.0-beta.15":
  version "1.2.0-beta.15"
  resolved "https://registry.yarnpkg.com/@lydell/node-pty-win32-x64/-/node-pty-win32-x64-1.2.0-beta.15.tgz#868f8cf2fd1edcdc733e1346428408f4ae9dbe53"
  integrity sha512-2f8twEmDVxZ7drchAXjtevpmSPhFok0avAnzXro4t5gmz0xsPNKkoZvymwtuIS3xo7PzQqZOPQ/YzwEMb7oIzQ==

"@lydell/node-pty@^1.2.0-beta.7":
  version "1.2.0-beta.15"
  resolved "https://registry.yarnpkg.com/@lydell/node-pty/-/node-pty-1.2.0-beta.15.tgz#7df6d6da458075375fde1f12d26fff378617c437"
  integrity sha512-Br8wBxzbxFwdWgk9uQ+rdzE0xfoxOK4QuGH54swhRwc5IxP6H9Y1/bcyazRGvNUs6XkB5qNVkezuKSRxUwZe7A==
  optionalDependencies:
    "@lydell/node-pty-darwin-arm64" "1.2.0-beta.15"
    "@lydell/node-pty-darwin-x64" "1.2.0-beta.15"
    "@lydell/node-pty-linux-arm64" "1.2.0-beta.15"
    "@lydell/node-pty-linux-x64" "1.2.0-beta.15"
    "@lydell/node-pty-win32-arm64" "1.2.0-beta.15"
    "@lydell/node-pty-win32-x64" "1.2.0-beta.15"

"@napi-rs/lzma-linux-x64-gnu@1.5.1":
  version "1.5.1"
  resolved "https://registry.yarnpkg.com/@napi-rs/lzma-linux-x64-gnu/-/lzma-linux-x64-gnu-1.5.1.tgz#e57d4306966078662038094fb38eb9146dc3aea9"
  integrity sha512-oTXEIha4SsuXdTA4Iyskj0kpdx2yVXdhd75c2v3xGrHFfVMsbhTPZU/nMPL4sWKo4pBHm3aucLaqGlF696dTyQ==

"@oxc-project/types@=0.144.0":
  version "0.144.0"
  resolved "https://registry.yarnpkg.com/@oxc-project/types/-/types-0.144.0.tgz#7dfbfbfbbb9c24d4abeb6f9856a1eca02aff6468"
  integrity sha512-nuhZIOLuI6TFQ32I/WnUx+SCPY7SdSKwgnFHydAuoS1+Z4BRcaP+RRJmGzl9lw+0OFF7UmaESf7KQRXaNLHypg==

"@rails/actioncable@>=7.0":
  version "7.2.302"
  resolved "https://registry.yarnpkg.com/@rails/actioncable/-/actioncable-7.2.302.tgz#f074632ee55aa1b5b16cd2be094b42981a71c322"
  integrity sha512-9JOPzUb7RCqIEWeoE78mPFd71fzyJ25LjeMzD45zQ75f41ca7BsgQVqiyrIuxDZ1yyZ4PdyxCMZF0KJlJ9qX0g==

"@rolldown/binding-android-arm64@1.2.4":
  version "1.2.4"
  resolved "https://registry.yarnpkg.com/@rolldown/binding-android-arm64/-/binding-android-arm64-1.2.4.tgz#9ac390255ded738672ad1425bed6423453ff71fd"
  integrity sha512-jHC2cnyKz5xU2fhECtFl8OZ83cYNt13GZQD+0uMJ/X3o+ijmd56okHhTUwxVSHPx1IRVIJEZ1/1pPzeLCU6XKA==

"@rolldown/binding-darwin-arm64@1.2.4":
  version "1.2.4"
  resolved "https://registry.yarnpkg.com/@rolldown/binding-darwin-arm64/-/binding-darwin-arm64-1.2.4.tgz#c63cad2f656b672782dd70894af895af9cba35c8"
  integrity sha512-Dc5mPD8F5F/FS8i01syd7FTF6yB2fVthH/TRkjwJkzUK6EpoxHtqvZQP5Zwq80/5z19TWYHIg1KOHboCgVx/aQ==

"@rolldown/binding-darwin-x64@1.2.4":
  version "1.2.4"
  resolved "https://registry.yarnpkg.com/@rolldown/binding-darwin-x64/-/binding-darwin-x64-1.2.4.tgz#54f6305d6785793c63c1521a4da4412bf7d8e089"
  integrity sha512-fpDm4oBo6SqLvWUYCmFhdde3U9KH2fRNNMeAnAPAIwxRL345xutL0EtEUcuoxsoazdJGv/MuDBQHlCDrtbvqOg==

"@rolldown/binding-freebsd-x64@1.2.4":
  version "1.2.4"
  resolved "https://registry.yarnpkg.com/@rolldown/binding-freebsd-x64/-/binding-freebsd-x64-1.2.4.tgz#c069a3ebd4a5dcfffd79a00f33c06bc242d9566b"
  integrity sha512-rSJoreDE/HoIzoaib6MTp5jQtCTdMHKIvItAKT/ImS6Y6Ww76oUaeMyp4Vc/fAgd/ehji068IxetHXAnqUwN9A==

"@rolldown/binding-linux-arm-gnueabihf@1.2.4":
  version "1.2.4"
  resolved "https://registry.yarnpkg.com/@rolldown/binding-linux-arm-gnueabihf/-/binding-linux-arm-gnueabihf-1.2.4.tgz#cff0d05a56e19f02443313f2abf73cf693173867"
  integrity sha512-/jm8OGHgn7oGaJu3i/qZI9spUGcJ+y/lk43ttQ/iO1tOd9NissG6o97bighBCiL+BKRngmcDuR6ikfwYdJmVuQ==

"@rolldown/binding-linux-arm64-gnu@1.2.4":
  version "1.2.4"
  resolved "https://registry.yarnpkg.com/@rolldown/binding-linux-arm64-gnu/-/binding-linux-arm64-gnu-1.2.4.tgz#267605366ba2bf3146609417a6db99253943c96f"
  integrity sha512-tIP06BeD9EqvECBrPZ+sqdPlYrT+aYaAiu1wYziVx5elRK/ftm33JxVDy2bXGbr6J0CrtirCkR87/X5a2euEng==

"@rolldown/binding-linux-arm64-musl@1.2.4":
  version "1.2.4"
  resolved "https://registry.yarnpkg.com/@rolldown/binding-linux-arm64-musl/-/binding-linux-arm64-musl-1.2.4.tgz#73d47bfdba2a72c16bfb271c23efb8949b2c2018"
  integrity sha512-Ql1Q0EQqVThvn9VAVlwNzsUvbSFtCMGjLpRRi4pk5i7NZZ4n5ISiLMjHYtus4VQ2PvkSw24zyaCVsiS+sXPj1w==

"@rolldown/binding-linux-ppc64-gnu@1.2.4":
  version "1.2.4"
  resolved "https://registry.yarnpkg.com/@rolldown/binding-linux-ppc64-gnu/-/binding-linux-ppc64-gnu-1.2.4.tgz#3ba455c72d3e9efd973df59689d48e75ca6f7559"
  integrity sha512-GjbjXD4XXfN19D0LZNbmiCBUoDiRACsYHr0yaIbbn8aFsXjHZifcYqu/W5Er5X2X990WjHXFrxarn5chzItorQ==

"@rolldown/binding-linux-s390x-gnu@1.2.4":
  version "1.2.4"
  resolved "https://registry.yarnpkg.com/@rolldown/binding-linux-s390x-gnu/-/binding-linux-s390x-gnu-1.2.4.tgz#2fddcb48eee12a620735c83a0056307b6ede2edb"
  integrity sha512-p5WR0NOwaRmJ/B1b6IjEFLLivwEsf3PrdBIhRbhTCQisbo2SvHHpG4ELB/+FgQNnB88LTOF86upmJmbvZdQ2lw==

"@rolldown/binding-linux-x64-gnu@1.2.4":
  version "1.2.4"
  resolved "https://registry.yarnpkg.com/@rolldown/binding-linux-x64-gnu/-/binding-linux-x64-gnu-1.2.4.tgz#97fb91430f78e46f81d4fe82a049a8c47f4ece96"
  integrity sha512-4/GyVjmhR+Tc6HLJvwc1sOhPqAZtySiSMesOZyX6JQ5XBxoTDEMKQzvo07NIK6nTon/SivlZqvhzvuVBNQhObQ==

"@rolldown/binding-linux-x64-musl@1.2.4":
  version "1.2.4"
  resolved "https://registry.yarnpkg.com/@rolldown/binding-linux-x64-musl/-/binding-linux-x64-musl-1.2.4.tgz#71ec9967b5ff546a6d5dda16d1c7a97e50bf647a"
  integrity sha512-l9eeLsCNvPpmSXUej0etw/J1eqV0Jj1D5G/xG6YTijmE6dkv6E2QezgWbTfQk63v952DPqrjOCoiqxq7Bw0YUQ==

"@rolldown/binding-openharmony-arm64@1.2.4":
  version "1.2.4"
  resolved "https://registry.yarnpkg.com/@rolldown/binding-openharmony-arm64/-/binding-openharmony-arm64-1.2.4.tgz#1e19ab28fbdb009cb6d9503e3ff6cbeffd7225ae"
  integrity sha512-e0F355MSTMm3+UOqtV3L24gFUp2N5m1f8L/7d56deik6va+AXdrt9F8LbzGpeWGWRbZEDq4m8NVnJDeBtf9DZg==

"@rolldown/binding-win32-arm64-msvc@1.2.4":
  version "1.2.4"
  resolved "https://registry.yarnpkg.com/@rolldown/binding-win32-arm64-msvc/-/binding-win32-arm64-msvc-1.2.4.tgz#9fad167d015c699f4375c2a1d04d1e52e4a32de4"
  integrity sha512-AWLi0uBRYh6QlE7OKhiz+phZC0qwtij2QZmhmOdsLdFn64m7oMpooE9ICE3lhm9xMb4SpDo2WbHcxX1iFLFtqw==

"@rolldown/binding-win32-x64-msvc@1.2.4":
  version "1.2.4"
  resolved "https://registry.yarnpkg.com/@rolldown/binding-win32-x64-msvc/-/binding-win32-x64-msvc-1.2.4.tgz#7a5f2d3e886c357029332b53f38ad2042e4615c4"
  integrity sha512-UwSDJOg3dqCAejWdxclJjCsh3Qq4vLYMDxmyHqo1btz3stK2VqgwNd3mm5tuIwzSlGIQ/1H9Hr+Zn09mrezNqQ==

"@rolldown/pluginutils@^1.0.0":
  version "1.0.1"
  resolved "https://registry.yarnpkg.com/@rolldown/pluginutils/-/pluginutils-1.0.1.tgz#e3fcee093fbb5ce765e1ad088ff4de2889f6f9be"
  integrity sha512-2j9bGt5Jh8hj+vPtgzPtl72j0yRxHAyumoo6TNfAjsLB04UtpSvPbPcDcBMxz7n+9CYB0c1GxQFxYRg2jimqGw==

"@rollup/rollup-android-arm-eabi@4.62.4":
  version "4.62.4"
  resolved "https://registry.yarnpkg.com/@rollup/rollup-android-arm-eabi/-/rollup-android-arm-eabi-4.62.4.tgz#2b86c8fff13a065845ddb65f64d814499ace020f"
  integrity sha512-RrPokAb7dmbxFoeO3TloqHyOjgye8RkBhSqmp4aJMIex4c9r46ZstPnleDQOq1t46VOVjwIuwNogIqbodV1Vvg==

"@rollup/rollup-android-arm64@4.62.4":
  version "4.62.4"
  resolved "https://registry.yarnpkg.com/@rollup/rollup-android-arm64/-/rollup-android-arm64-4.62.4.tgz#af217357ecc06ae5e4f54ef34ee72b1e37f8dbc3"
  integrity sha512-JKuJc+pnpks2pjy7L/N3v/cAkZxYlnmuZoD840ldbMI5KDbC4iO9NKwPKYdjYFCMAIIlBzYSFHxIJVYzRo2/8A==

"@rollup/rollup-darwin-arm64@4.62.4":
  version "4.62.4"
  resolved "https://registry.yarnpkg.com/@rollup/rollup-darwin-arm64/-/rollup-darwin-arm64-4.62.4.tgz#e9d0adba06e39b632fc8e880100ff06547eda80b"
  integrity sha512-krw5uS2STmvJ02x0uTXHbqQNuz+9eZ1iw+qXk9dmW2gvV4jV7O2hEoOnuhFrpOPiel1mBFtqbxYZZtC46hXLOw==

"@rollup/rollup-darwin-x64@4.62.4":
  version "4.62.4"
  resolved "https://registry.yarnpkg.com/@rollup/rollup-darwin-x64/-/rollup-darwin-x64-4.62.4.tgz#eff983a29db7d8ea7f733f1ce430fc64e159a5e6"
  integrity sha512-wsTxtgApb4PrOsNJIm0FZ1h3WvCC+k9uxLJ4ad75hgoS4NiRes2SoJFlDAyMwiUY8IssDqGcHbXuN0sx1tfF1A==

"@rollup/rollup-freebsd-arm64@4.62.4":
  version "4.62.4"
  resolved "https://registry.yarnpkg.com/@rollup/rollup-freebsd-arm64/-/rollup-freebsd-arm64-4.62.4.tgz#abe1399a70e819034f492d05dbcc97964310bb57"
  integrity sha512-GUOnQlyZe3yAXhWOtOMsn5Qkrv5E5mZXa0thbARWi5Ei2szlVXJFQhddZ4HbAzh8q92w5twp+CQvs/eFanz9YQ==

"@rollup/rollup-freebsd-x64@4.62.4":
  version "4.62.4"
  resolved "https://registry.yarnpkg.com/@rollup/rollup-freebsd-x64/-/rollup-freebsd-x64-4.62.4.tgz#b2e0f8c24a362ac7112be3d5549c6940597e0168"
  integrity sha512-/Y7f3QuxjzPKsjA/rfEDa3+0vXqyjmJ50Ln8dPpCmWkKTrUoWHG1cWhTqaAMLob2m2nESWuC7yGrREz019Ztqg==

"@rollup/rollup-linux-arm-gnueabihf@4.62.4":
  version "4.62.4"
  resolved "https://registry.yarnpkg.com/@rollup/rollup-linux-arm-gnueabihf/-/rollup-linux-arm-gnueabihf-4.62.4.tgz#a5f2a7e7eb719254a6800db18e9f369d3c623439"
  integrity sha512-81wiiX3v7aqy+T+bT61TJ78yJjRquqFFTTbAPt08imfQQzkPIW8t6aJbkTagtCCrXMNc9D66+geqlK7ydLPNqA==

"@rollup/rollup-linux-arm-musleabihf@4.62.4":
  version "4.62.4"
  resolved "https://registry.yarnpkg.com/@rollup/rollup-linux-arm-musleabihf/-/rollup-linux-arm-musleabihf-4.62.4.tgz#390c86c797695af87c38d6f005222d920b5bfa22"
  integrity sha512-9kmDIvNZqdoHOBZgNtpTBeLWYO/LVipM3H/j62P8848/l/VPEQL6N3uxU9pvP1oZAsXyC2MEnFP3ovRjo7WYNQ==

"@rollup/rollup-linux-arm64-gnu@4.62.4":
  version "4.62.4"
  resolved "https://registry.yarnpkg.com/@rollup/rollup-linux-arm64-gnu/-/rollup-linux-arm64-gnu-4.62.4.tgz#1fea78609a15813cda98d93fe8d987c87017f572"
  integrity sha512-CcnXHWnXg69g+DX5VWL3FHts3qMRN2uVEHX+BZvGLdd07/gXkn3ePjYtO1LDJvxkGKVHMclKBRa1QUTH+6toYQ==

"@rollup/rollup-linux-arm64-musl@4.62.4":
  version "4.62.4"
  resolved "https://registry.yarnpkg.com/@rollup/rollup-linux-arm64-musl/-/rollup-linux-arm64-musl-4.62.4.tgz#3b50031c9916517576098f6e11b38a13147dc463"
  integrity sha512-iFOibiHnTRuhrWLlRsOQFdZJJIa7S8OwkneJr4ocALP16u5yk6lWLINFwhHaEqBFMsKDUZofLkGos7+CPzGB3g==

"@rollup/rollup-linux-loong64-gnu@4.62.4":
  version "4.62.4"
  resolved "https://registry.yarnpkg.com/@rollup/rollup-linux-loong64-gnu/-/rollup-linux-loong64-gnu-4.62.4.tgz#b403255546099a4300b17d976ee1776224c090e5"
  integrity sha512-XnWYMI7euHlb5a871xPja+Gm7DRCFU+FGRrtS2sMq9N8FvqtpagUy6gD4YOemC5MRk9xbh8+jYMEJbigFQwsgA==

"@rollup/rollup-linux-loong64-musl@4.62.4":
  version "4.62.4"
  resolved "https://registry.yarnpkg.com/@rollup/rollup-linux-loong64-musl/-/rollup-linux-loong64-musl-4.62.4.tgz#5900610e59c66ee594539c6590566dbfda7082b1"
  integrity sha512-qGDAlO0U8xedCcsdRm9oaoQY8DAx/QT7uIxJWhCdx0ceIWX783UC9QSYkdpzAe29wNiVfp24+bZdQmn49o45SQ==

"@rollup/rollup-linux-ppc64-gnu@4.62.4":
  version "4.62.4"
  resolved "https://registry.yarnpkg.com/@rollup/rollup-linux-ppc64-gnu/-/rollup-linux-ppc64-gnu-4.62.4.tgz#a892cc8b8414bc8ae0b267816b5e384e5d321ff2"
  integrity sha512-ru4H6ezD7ysA5EiEK6qkkaEb4modH8CTej6kUy/gQi20u3kB3G7Zn8snXXkeJSCOFKG/rbPPtM/+9Wgas1961w==

"@rollup/rollup-linux-ppc64-musl@4.62.4":
  version "4.62.4"
  resolved "https://registry.yarnpkg.com/@rollup/rollup-linux-ppc64-musl/-/rollup-linux-ppc64-musl-4.62.4.tgz#d9e60d568b7db4df2196fb2411b0c6918b2360cc"
  integrity sha512-2W4MO5WQVJnbJaZdvDb9rhBDuFU1nKIepPFpJUBsTh2k1YY2g+ODViaWuyOAjQ5cOP7NvrvLzt3wvHOoiAvc7w==

"@rollup/rollup-linux-riscv64-gnu@4.62.4":
  version "4.62.4"
  resolved "https://registry.yarnpkg.com/@rollup/rollup-linux-riscv64-gnu/-/rollup-linux-riscv64-gnu-4.62.4.tgz#5b3141ab43afbd9e50f639e562e94ed256d201cf"
  integrity sha512-+fxjfuoAmVMCYV5QyjoIpu0cp5DOiOTeqYFk1AVaxGr+/ravWLX89XfQmptsoWcaVy/TGf2hexzbUOrCQIL1CQ==

"@rollup/rollup-linux-riscv64-musl@4.62.4":
  version "4.62.4"
  resolved "https://registry.yarnpkg.com/@rollup/rollup-linux-riscv64-musl/-/rollup-linux-riscv64-musl-4.62.4.tgz#b0fe751015bc3822f9004884eaba5e5cdfde7aa6"
  integrity sha512-jTn8JfHGL4djjFxPuM06LmNUJDsst2jeVlsd9OmIH6zc5sC9K6rIuO4YajXatLUpBmBKl6b35ro1QZocLi+tcA==

"@rollup/rollup-linux-s390x-gnu@4.62.4":
  version "4.62.4"
  resolved "https://registry.yarnpkg.com/@rollup/rollup-linux-s390x-gnu/-/rollup-linux-s390x-gnu-4.62.4.tgz#0cb323e850509e1b9bf6d241328a98b0e12e2916"
  integrity sha512-oCJCJL4pXsoDcP2QZ+JVlPTIRc6266zsIaeJJsWImmF7HO0W8nb6HuSgZlMWxJwaPf8ehbSw8yo0EUw925hKsA==

"@rollup/rollup-linux-x64-gnu@4.62.4":
  version "4.62.4"
  resolved "https://registry.yarnpkg.com/@rollup/rollup-linux-x64-gnu/-/rollup-linux-x64-gnu-4.62.4.tgz#1e7470123e7a8ba8c160a7a043447472d5549542"
  integrity sha512-W69hukhZ3KKNRCaMIEzKvcFye42hh0FE1+YoYaf5+Ikacuftoco6yO/xouz0hc5d5W/s3yBro5jRiuEE/Q5vUw==

"@rollup/rollup-linux-x64-musl@4.62.4":
  version "4.62.4"
  resolved "https://registry.yarnpkg.com/@rollup/rollup-linux-x64-musl/-/rollup-linux-x64-musl-4.62.4.tgz#19df9a17d20ff3c17bd8e9cc2553563ae0aa0580"
  integrity sha512-qiXbGG2jkjXhzXpsFZSR2Xpb8DN/UaxYsbb/STbuR/6fpaDgRmmaq1B/LmtF2wQFOFOSsK2jdE0RZ3a0zHn4QA==

"@rollup/rollup-openbsd-x64@4.62.4":
  version "4.62.4"
  resolved "https://registry.yarnpkg.com/@rollup/rollup-openbsd-x64/-/rollup-openbsd-x64-4.62.4.tgz#31c3ca1bd00e80f309a1d0cb8da4bdf59cb2dfa3"
  integrity sha512-nWeM//hxv8mIo6jD7Hu4o48DVmV9pbV6gsKaWU+4NFyqHoPKwrkRiZGLKUhOBk8qNmDmpwFtPKg80Bo/Tn4xiQ==

"@rollup/rollup-openharmony-arm64@4.62.4":
  version "4.62.4"
  resolved "https://registry.yarnpkg.com/@rollup/rollup-openharmony-arm64/-/rollup-openharmony-arm64-4.62.4.tgz#84561a14381caecb7652e158d10551a5edc0a6fc"
  integrity sha512-s62SQ/vgsRSvMwDkOEfTqfgASF0f26ZNaQuTA6Aok5lrikf89yI2W0gFHvZb2Jpgc6N8JnOKZgCK2iciO3CsxQ==

"@rollup/rollup-win32-arm64-msvc@4.62.4":
  version "4.62.4"
  resolved "https://registry.yarnpkg.com/@rollup/rollup-win32-arm64-msvc/-/rollup-win32-arm64-msvc-4.62.4.tgz#bc532edb20cd39c0b53eee2dfae43b52c2e3be1e"
  integrity sha512-J6wGf8TVGbXJq+HH+ttTvrcfNKPbuZecV6KT1B8I18BC5IURUh5kl4Yl5OEP5eFIUoI5BWxCsyYMhFsDx8kekw==

"@rollup/rollup-win32-ia32-msvc@4.62.4":
  version "4.62.4"
  resolved "https://registry.yarnpkg.com/@rollup/rollup-win32-ia32-msvc/-/rollup-win32-ia32-msvc-4.62.4.tgz#a6f51492976c9fc19801be298df2f76a3cbebf7a"
  integrity sha512-zmfrQd/0wu6oJs8Vq8KwY/YtsKSsLtKe/HwAP4Wqy8LhWjeT55fHRAkOhYQ12wI3ayS4Tt12d5CDRD7N96SAYQ==

"@rollup/rollup-win32-x64-gnu@4.62.4":
  version "4.62.4"
  resolved "https://registry.yarnpkg.com/@rollup/rollup-win32-x64-gnu/-/rollup-win32-x64-gnu-4.62.4.tgz#ae60710b0868b2fe731d9f7c341fa49cbf8e8629"
  integrity sha512-qPzHqdj9rfUD+w79dtE07zi/kFwKyCJqplp5K5ygeLTp7jLpAoc16OAH39HSmRC9UpozaecsleI8uAdEj6v2yw==

"@rollup/rollup-win32-x64-msvc@4.62.4":
  version "4.62.4"
  resolved "https://registry.yarnpkg.com/@rollup/rollup-win32-x64-msvc/-/rollup-win32-x64-msvc-4.62.4.tgz#c3a265fe0f9af4fb63bad86d3829386bc5da0026"
  integrity sha512-zD6NdeWEByGE9QF9vCrlJ5YQB4oq9q91kPZS37Jwj5hOkvR1lTBSpsKhKDw4IJtbQ35LsTS1HD9DZYGKIshU1Q==

"@types/estree@1.0.9":
  version "1.0.9"
  resolved "https://registry.yarnpkg.com/@types/estree/-/estree-1.0.9.tgz#cf3f0e876d7bee15a93ab925b82bf570a3904a24"
  integrity sha512-GhdPgy1el4/ImP05X05Uw4cw2/M93BCUmnEvWZNStlCzEKME4Fkk+YpoA5OiHNQmoS7Cafb8Xa3Pya8m1Qrzeg==

autoprefixer@^10.4.14:
  version "10.5.4"
  resolved "https://registry.yarnpkg.com/autoprefixer/-/autoprefixer-10.5.4.tgz#3b7dd848b4155514a95ad1f6ce598844bea09697"
  integrity sha512-MaU0U/za7N3r6brxD4YB/l4NSrFzLPlANv6wEuQVaIPlD3L4W9rFcQPbL/EilY9BHhHvhfcz3gInDLrEtWT4EA==
  dependencies:
    browserslist "^4.28.6"
    caniuse-lite "^1.0.30001806"
    fraction.js "^5.3.4"
    picocolors "^1.1.1"
    postcss-value-parser "^4.2.0"

baseline-browser-mapping@^2.11.12:
  version "2.11.14"
  resolved "https://registry.yarnpkg.com/baseline-browser-mapping/-/baseline-browser-mapping-2.11.14.tgz#d51bb92285608b0e6356841a2eea76842a771d52"
  integrity sha512-JyJ954WzuIR8/FFzX0o5krdSTrBAkcCSRfWSleRsIHSWV+cZe2FI1PKggVkFke1hBldRs+LRxUczzE9iPmgZww==

browserslist@^4.28.6:
  version "4.28.8"
  resolved "https://registry.yarnpkg.com/browserslist/-/browserslist-4.28.8.tgz#a3c79ceb70028527e5da7dafc887f3200b5168c0"
  integrity sha512-V2NpofLblG64mfOtSgDhOJESZEGogzDMBv/q+W6oc4LXWP/q75eOXoOaaOu1EOadB9U4Bwx/e0yzbvwKH8zalA==
  dependencies:
    baseline-browser-mapping "^2.11.12"
    caniuse-lite "^1.0.30001809"
    electron-to-chromium "^1.5.402"
    node-releases "^2.0.53"
    update-browserslist-db "^1.3.0"

caniuse-lite@^1.0.30001806, caniuse-lite@^1.0.30001809:
  version "1.0.30001809"
  resolved "https://registry.yarnpkg.com/caniuse-lite/-/caniuse-lite-1.0.30001809.tgz#e6cf71f14ddfe008f114dd2a846923be3c03a07b"
  integrity sha512-xxWVywk6a6Arlk+hymeycyn/VgqEfLDxupvhH/xiY5SJ/18kmi9o6MiO320DCUzypORHLtvh0I4i04tUhCNHNQ==

debug@^4.3:
  version "4.4.3"
  resolved "https://registry.yarnpkg.com/debug/-/debug-4.4.3.tgz#c6ae432d9bd9662582fce08709b038c58e9e3d6a"
  integrity sha512-RGwwWnwQvkVfavKVt22FGLw+xYSdzARwm0ru6DhTVA3umU5hZc28V3kO4stgYryrTlLpuvgI9GiijltAjNbcqA==
  dependencies:
    ms "^2.1.3"

detect-libc@^2.0.3:
  version "2.1.2"
  resolved "https://registry.yarnpkg.com/detect-libc/-/detect-libc-2.1.2.tgz#689c5dcdc1900ef5583a4cb9f6d7b473742074ad"
  integrity sha512-Btj2BOOO83o3WyH59e8MgXsxEQVcarkUOpEYrubB0urwnN10yQ364rsiByU11nZlqWYZm05i/of7io4mzihBtQ==

electron-to-chromium@^1.5.402:
  version "1.5.407"
  resolved "https://registry.yarnpkg.com/electron-to-chromium/-/electron-to-chromium-1.5.407.tgz#c34e509f8644a7375fdaa5ea5cb7ca73eeaf18df"
  integrity sha512-4R8XgQOdfxexCd/u63lRm6wCHjECwI45MV9wxAs2ggtfWe2hwlo1ql97jKsju2IcJ+jFSTwBssyYoiWhh7mauQ==

escalade@^3.2.0:
  version "3.2.0"
  resolved "https://registry.yarnpkg.com/escalade/-/escalade-3.2.0.tgz#011a3f69856ba189dffa7dc8fcce99d2a87903e5"
  integrity sha512-WUj2qlxaQtO4g6Pq5c29GTcWGDyd8itL8zTlipgECz3JesAiiOKotd8JU6otB3PACgG6xkJUyVhboMS+bje/jA==

fdir@^6.5.0:
  version "6.5.0"
  resolved "https://registry.yarnpkg.com/fdir/-/fdir-6.5.0.tgz#ed2ab967a331ade62f18d077dae192684d50d350"
  integrity sha512-tIbYtZbucOs0BRGqPJkshJUYdL+SDH7dVM8gjy+ERp3WAUjLEFJE+02kanyHtwjWOnwrKYBiwAmM0p4kLJAnXg==

fraction.js@^5.3.4:
  version "5.3.4"
  resolved "https://registry.yarnpkg.com/fraction.js/-/fraction.js-5.3.4.tgz#8c0fcc6a9908262df4ed197427bdeef563e0699a"
  integrity sha512-1X1NTtiJphryn/uLQz3whtY6jK3fTqoE3ohKs0tT+Ujr1W59oopxmoEh7Lu5p6vBaPbgoM0bzveAW4Qi5RyWDQ==

fsevents@~2.3.2, fsevents@~2.3.3:
  version "2.3.3"
  resolved "https://registry.yarnpkg.com/fsevents/-/fsevents-2.3.3.tgz#cac6407785d03675a2a5e1a5305c697b347d90d6"
  integrity sha512-5xoDfX+fL7faATnagmWPpbFtwh/R77WmMMqqHGS65C3vvB0YHrgF+B1YmZ3441tMj5n63k0212XNoJwzlhffQw==

lightningcss-android-arm64@1.33.0:
  version "1.33.0"
  resolved "https://registry.yarnpkg.com/lightningcss-android-arm64/-/lightningcss-android-arm64-1.33.0.tgz#9a6841f88ae50fc83502903892b41af41bc2b907"
  integrity sha512-gEpRTalKdosp4Bb8qWtc2iOgE5SeIHlpS1up9bFq2wAyYhl1UdTObYiHe98zEM9SQvSoqQZ1IQD0JNpg3Ml5pg==

lightningcss-darwin-arm64@1.33.0:
  version "1.33.0"
  resolved "https://registry.yarnpkg.com/lightningcss-darwin-arm64/-/lightningcss-darwin-arm64-1.33.0.tgz#c0f2c31c0bfd19fa4dd3f18e957a1f1a152097d6"
  integrity sha512-Sciaz8eenNTKn9b3t7+xr0ipTp9YxKQY4npwQ3mrRuL0BAVHBLyZxofhaKBAVtzmtRZ/zTyo0/to4B1uWG/Djg==

lightningcss-darwin-x64@1.33.0:
  version "1.33.0"
  resolved "https://registry.yarnpkg.com/lightningcss-darwin-x64/-/lightningcss-darwin-x64-1.33.0.tgz#cb0705965acb538c6683949ce6925fb3cdf7c361"
  integrity sha512-Z5UPAxzrjlWNNyGy6i65cJzzvgJ5D3T6wMvs+gWpY9d7qRhANrxqAp6LhxIgZhWEw18RfJTGcRxjuLIBr+m8XQ==

lightningcss-freebsd-x64@1.33.0:
  version "1.33.0"
  resolved "https://registry.yarnpkg.com/lightningcss-freebsd-x64/-/lightningcss-freebsd-x64-1.33.0.tgz#763538828b26bab2680dadafcc84ee78b0eb502b"
  integrity sha512-QQM/Ti/hQajJwCY+RiWuCZ9sdtI/XQk7nDK5vC8kkdwixezOlDgvDx7+RT+QjK6FcFT4MpsuoBnHIo/O3StRRg==

lightningcss-linux-arm-gnueabihf@1.33.0:
  version "1.33.0"
  resolved "https://registry.yarnpkg.com/lightningcss-linux-arm-gnueabihf/-/lightningcss-linux-arm-gnueabihf-1.33.0.tgz#6862e3176a331aedbdec1ed352b4d7d0dd0784de"
  integrity sha512-N7FVBe6iS24MlM6R/4RBTxGhQheZGs7tiQ9U32UtF75NzP5Q7xWPRqLBCKxlRQRk3rY1jCIPLzx7WzOhuUIRLQ==

lightningcss-linux-arm64-gnu@1.33.0:
  version "1.33.0"
  resolved "https://registry.yarnpkg.com/lightningcss-linux-arm64-gnu/-/lightningcss-linux-arm64-gnu-1.33.0.tgz#c6a3a2ed15141daf6bdc2628930f8e39bdf473aa"
  integrity sha512-j2v/itmy4HlNxlc6voKXYgBqNi0Ng2LShg4z7GufpEgs05P+2suBVyi9I6YHq5uoVFx9ETin3eCEhLVyXGQnKg==

lightningcss-linux-arm64-musl@1.33.0:
  version "1.33.0"
  resolved "https://registry.yarnpkg.com/lightningcss-linux-arm64-musl/-/lightningcss-linux-arm64-musl-1.33.0.tgz#7fa1334971fc82845f9827df6ef8a0b20914bac6"
  integrity sha512-yiO5ROMuYQgXbC60yjZU5CYSFZGKXL0HFATXt9mHJn1+zW55oCtMI9NfcVhYLMFDL7gV7oBPon/EmMMGg2OvtQ==

lightningcss-linux-x64-gnu@1.33.0:
  version "1.33.0"
  resolved "https://registry.yarnpkg.com/lightningcss-linux-x64-gnu/-/lightningcss-linux-x64-gnu-1.33.0.tgz#8b927862ea8c2bbc6831a46509244b50d9936e55"
  integrity sha512-ar+Ju7LmcN0Jo4FpL4hpFybwNG9/3A/Br5KW2n2jyODg3MEZXaDYADdemoNS+BDNfMgKvylJLj4S5tyRActuAg==

lightningcss-linux-x64-musl@1.33.0:
  version "1.33.0"
  resolved "https://registry.yarnpkg.com/lightningcss-linux-x64-musl/-/lightningcss-linux-x64-musl-1.33.0.tgz#0c525bb077dfd94404c059cfe42dad797e96aeaf"
  integrity sha512-RYiYbkokw0trfKqqzfF55lginwEPrD3OJDfTuJzFs1MK6iFnDenaz1fqLLtX4ITG3OktJQXOeTaw1awrBAlZPw==

lightningcss-win32-arm64-msvc@1.33.0:
  version "1.33.0"
  resolved "https://registry.yarnpkg.com/lightningcss-win32-arm64-msvc/-/lightningcss-win32-arm64-msvc-1.33.0.tgz#850ee1103dac989cfab50e3ac22d1a69e394e63d"
  integrity sha512-1K+MPfLSFVpphzpdbfkhlWk6wBrTObBzS2T6db10PNOZgR9GoVsAWzwNyuhUYYbTp23j+4RrncfujZ4uAzXvwA==

lightningcss-win32-x64-msvc@1.33.0:
  version "1.33.0"
  resolved "https://registry.yarnpkg.com/lightningcss-win32-x64-msvc/-/lightningcss-win32-x64-msvc-1.33.0.tgz#e343ae152eed3609dc6e11949d1a3bf39a1c946f"
  integrity sha512-OlEICDx/Xl0FqSp4bry8zFnCvGpig3Gl4gCquvYwHuqJKEC1+n9NgDniFvqHGmMv1ZkqDJrDqKKSykTDX+ehuA==

lightningcss@^1.33.0:
  version "1.33.0"
  resolved "https://registry.yarnpkg.com/lightningcss/-/lightningcss-1.33.0.tgz#c08867d71a79385c6e190214fd72fef3e5f95f0b"
  integrity sha512-WkUDrojuJs0xkgGf2udWxa3yGBRxPtxUkB79i6aCZLRgc7PM8fZe9TosfPDcvEpQZbuFASnHYmRLBLUbmLOIIA==
  dependencies:
    detect-libc "^2.0.3"
  optionalDependencies:
    lightningcss-android-arm64 "1.33.0"
    lightningcss-darwin-arm64 "1.33.0"
    lightningcss-darwin-x64 "1.33.0"
    lightningcss-freebsd-x64 "1.33.0"
    lightningcss-linux-arm-gnueabihf "1.33.0"
    lightningcss-linux-arm64-gnu "1.33.0"
    lightningcss-linux-arm64-musl "1.33.0"
    lightningcss-linux-x64-gnu "1.33.0"
    lightningcss-linux-x64-musl "1.33.0"
    lightningcss-win32-arm64-msvc "1.33.0"
    lightningcss-win32-x64-msvc "1.33.0"

modern-normalize@^3.0.0:
  version "3.0.1"
  resolved "https://registry.yarnpkg.com/modern-normalize/-/modern-normalize-3.0.1.tgz#4e2dc8da282ab854d53d70d7155a8027f59fbed6"
  integrity sha512-VqlMdYi59Uch6fnUPxnpijWUQe+TW6zeWCvyr6Mb7JibheHzSuAAoJi2c71ZwIaWKpECpGpYHoaaBp6rBRr+/g==

ms@^2.1.3:
  version "2.1.3"
  resolved "https://registry.yarnpkg.com/ms/-/ms-2.1.3.tgz#574c8138ce1d2b5861f0b44579dbadd60c6615b2"
  integrity sha512-6FlzubTLZG3J2a/NVCAleEhjzq5oxgHyaCU9yYXvcLsvoVaHJq/s5xXI6/XXP6tz7R9xAOtHnSO/tXtF3WRTlA==

nanoid@^3.3.17:
  version "3.3.18"
  resolved "https://registry.yarnpkg.com/nanoid/-/nanoid-3.3.18.tgz#f66a2de1199ffde0fcf21c8a5f13106b1c081913"
  integrity sha512-DTg4MJbGMWkfi6VZFdNt2/caMbQy4Ou+Op/hJQvGEWcnVfoA1QA+xzRKAzw9jD6+GVOOeYr/mIcuDSdug6F6+w==

node-releases@^2.0.53:
  version "2.0.53"
  resolved "https://registry.yarnpkg.com/node-releases/-/node-releases-2.0.53.tgz#0fe5ad8a7935e075172f574e56f0c20f07fa41af"
  integrity sha512-D9UOmYG3UH1V+ENW56t5QXBwJw1YEY18ruVeus89Rw+SyIgjPkCO84bRzO3uNIYosJbNwiabWVn48o3uJLjxFQ==

obug@^2.0:
  version "2.1.4"
  resolved "https://registry.yarnpkg.com/obug/-/obug-2.1.4.tgz#9090d8a548a522517915d2aa6aae907197ac6cf8"
  integrity sha512-4a+OsYv9UktOJKE+l1A4OufDgdRF9PifWj+tJnHURo/P+WOxpG4GzUFL9qCalmWauao6ogiG+QvnCovwPoyAWA==

picocolors@^1.0.0, picocolors@^1.1.1:
  version "1.1.1"
  resolved "https://registry.yarnpkg.com/picocolors/-/picocolors-1.1.1.tgz#3d321af3eab939b083c8f929a1d12cda81c26b6b"
  integrity sha512-xceH2snhtb5M9liqDsmEw56le376mTZkEX/jEb/RxNFyegNul7eNslCXP9FDj/Lcu0X8KEyMceP2ntpaHrDEVA==

picomatch@^2.3.1:
  version "2.3.2"
  resolved "https://registry.yarnpkg.com/picomatch/-/picomatch-2.3.2.tgz#5a942915e26b372dc0f0e6753149a16e6b1c5601"
  integrity sha512-V7+vQEJ06Z+c5tSye8S+nHUfI51xoXIXjHQ99cQtKUkQqqO1kO/KCJUfZXuB47h/YBlDhah2H3hdUGXn8ie0oA==

picomatch@^4.0.4, picomatch@^4.0.5:
  version "4.0.5"
  resolved "https://registry.yarnpkg.com/picomatch/-/picomatch-4.0.5.tgz#51ea57a17d86f605f81039595fbc40ed06a55fab"
  integrity sha512-RvwwcruNjI1ncT5xRakeyS9Lf8lcItv34KD+aif+VH9kduAyfYBipGh12274xtenIPZ119/R9BdTBa8gAwSh0A==

postcss-value-parser@^4.2.0:
  version "4.2.0"
  resolved "https://registry.yarnpkg.com/postcss-value-parser/-/postcss-value-parser-4.2.0.tgz#723c09920836ba6d3e5af019f92bc0971c02e514"
  integrity sha512-1NNCs6uurfkVbeXG4S8JFT9t19m45ICnif8zWLd5oPSZ50QnwMfK+H3jv408d4jw/7Bttv5axS5IiHoLaVNHeQ==

postcss@^8.4.24, postcss@^8.5.25:
  version "8.5.26"
  resolved "https://registry.yarnpkg.com/postcss/-/postcss-8.5.26.tgz#6e75135780c7e10df3433bf2266c552d35c8c620"
  integrity sha512-u82N74LFzG8ca+dD8puPnplTXoGH4fTPpVGuIbt36G3qvNlkvfD0lEAZSxaly3KX8TS/L1A1gsCEmvKmBcVbkQ==
  dependencies:
    nanoid "^3.3.17"
    picocolors "^1.1.1"
    source-map-js "^1.2.1"

rolldown@~1.2.1:
  version "1.2.4"
  resolved "https://registry.yarnpkg.com/rolldown/-/rolldown-1.2.4.tgz#a70655fdd305b829bbc0fc598b3dd1765b4a87dc"
  integrity sha512-rSr7irW0K7QRWzjdJXqZowkcRdDtjRduh43rBltnVKd0VFq839l1lJoDvGJb6gl7+4rTTCrPWu+YfujUL8Ug7w==
  dependencies:
    "@oxc-project/types" "=0.144.0"
    "@rolldown/pluginutils" "^1.0.0"
  optionalDependencies:
    "@rolldown/binding-android-arm64" "1.2.4"
    "@rolldown/binding-darwin-arm64" "1.2.4"
    "@rolldown/binding-darwin-x64" "1.2.4"
    "@rolldown/binding-freebsd-x64" "1.2.4"
    "@rolldown/binding-linux-arm-gnueabihf" "1.2.4"
    "@rolldown/binding-linux-arm64-gnu" "1.2.4"
    "@rolldown/binding-linux-arm64-musl" "1.2.4"
    "@rolldown/binding-linux-ppc64-gnu" "1.2.4"
    "@rolldown/binding-linux-s390x-gnu" "1.2.4"
    "@rolldown/binding-linux-x64-gnu" "1.2.4"
    "@rolldown/binding-linux-x64-musl" "1.2.4"
    "@rolldown/binding-openharmony-arm64" "1.2.4"
    "@rolldown/binding-win32-arm64-msvc" "1.2.4"
    "@rolldown/binding-win32-x64-msvc" "1.2.4"

rollup-plugin-gzip@^4.2.0:
  version "4.2.0"
  resolved "https://registry.yarnpkg.com/rollup-plugin-gzip/-/rollup-plugin-gzip-4.2.0.tgz#f337499daa29fd8cce3faaefb138876916809acc"
  integrity sha512-XDs02OO6B5cJBQ6leATfdGJPJ9HPuQ841e21LVrbfcBL10gAcA/uxsXnherbUp3T/U9SWpfKKGpfqB4DSBisHw==

rollup@^4.2.0:
  version "4.62.4"
  resolved "https://registry.yarnpkg.com/rollup/-/rollup-4.62.4.tgz#96d2e62070f0b0ac63424edd0c93a7fb864ef069"
  integrity sha512-RXOqwaPsBGjMNMa4sQjDjHieHEZDFoj/Rdr46l2MU5DfEs16wHJPC2RPTPHWhNl+M3aI472LLqFkFKut4SblOg==
  dependencies:
    "@types/estree" "1.0.9"
  optionalDependencies:
    "@napi-rs/lzma-linux-x64-gnu" "1.5.1"
    "@rollup/rollup-android-arm-eabi" "4.62.4"
    "@rollup/rollup-android-arm64" "4.62.4"
    "@rollup/rollup-darwin-arm64" "4.62.4"
    "@rollup/rollup-darwin-x64" "4.62.4"
    "@rollup/rollup-freebsd-arm64" "4.62.4"
    "@rollup/rollup-freebsd-x64" "4.62.4"
    "@rollup/rollup-linux-arm-gnueabihf" "4.62.4"
    "@rollup/rollup-linux-arm-musleabihf" "4.62.4"
    "@rollup/rollup-linux-arm64-gnu" "4.62.4"
    "@rollup/rollup-linux-arm64-musl" "4.62.4"
    "@rollup/rollup-linux-loong64-gnu" "4.62.4"
    "@rollup/rollup-linux-loong64-musl" "4.62.4"
    "@rollup/rollup-linux-ppc64-gnu" "4.62.4"
    "@rollup/rollup-linux-ppc64-musl" "4.62.4"
    "@rollup/rollup-linux-riscv64-gnu" "4.62.4"
    "@rollup/rollup-linux-riscv64-musl" "4.62.4"
    "@rollup/rollup-linux-s390x-gnu" "4.62.4"
    "@rollup/rollup-linux-x64-gnu" "4.62.4"
    "@rollup/rollup-linux-x64-musl" "4.62.4"
    "@rollup/rollup-openbsd-x64" "4.62.4"
    "@rollup/rollup-openharmony-arm64" "4.62.4"
    "@rollup/rollup-win32-arm64-msvc" "4.62.4"
    "@rollup/rollup-win32-ia32-msvc" "4.62.4"
    "@rollup/rollup-win32-x64-gnu" "4.62.4"
    "@rollup/rollup-win32-x64-msvc" "4.62.4"
    fsevents "~2.3.2"

run-pty@^6:
  version "6.0.2"
  resolved "https://registry.yarnpkg.com/run-pty/-/run-pty-6.0.2.tgz#65580e25b777c30635538d8e2d730397f3c1529e"
  integrity sha512-DziOF1/cgZ3cdnPSJjjSBk7WrvUBuJlSnQMddpICHHHKg9zvq4FksPuHSbXg8YOO/Z+RH6dh93qTdJS1AhNr1A==
  dependencies:
    "@lydell/node-pty" "^1.2.0-beta.7"
    tiny-decoders "^24.0.0"

source-map-js@^1.2.1:
  version "1.2.1"
  resolved "https://registry.yarnpkg.com/source-map-js/-/source-map-js-1.2.1.tgz#1ce5650fddd87abc099eda37dcff024c2667ae46"
  integrity sha512-UXWMKhLOwVKb728IUtQPXxfYU+usdybtUrK/8uGE8CQMvrhOpwvzDBwj0QhSL7MQc7vIsISBG8VQ8+IDQxpfQA==

stimulus-vite-helpers@^3.0.0, stimulus-vite-helpers@^3.1.0:
  version "3.1.0"
  resolved "https://registry.yarnpkg.com/stimulus-vite-helpers/-/stimulus-vite-helpers-3.1.0.tgz#9216d703ac8d74befece4499ea738c18de408842"
  integrity sha512-qy9vnNnu6e/1PArEndp456BuSKLQkBgc+vX2pedOHT0N4GSLQY0l5fuQ4ft56xZ8xSWqrfuYSR+GXXIPtoESww==

tiny-decoders@^24.0.0:
  version "24.0.0"
  resolved "https://registry.yarnpkg.com/tiny-decoders/-/tiny-decoders-24.0.0.tgz#425aeb68704cb55ae484493d91224be549989050"
  integrity sha512-nj0NiPVv3IrUyRQ85MWf2ppmHFykuEmAkBINUrMklHUooDMQ1RMYMv6RXnKq8nIWNsXJuS8Sa94H2dZLsnGLyg==

tinyglobby@^0.2.12, tinyglobby@^0.2.17:
  version "0.2.17"
  resolved "https://registry.yarnpkg.com/tinyglobby/-/tinyglobby-0.2.17.tgz#562a9a6c9eb2b3b123d39719f9af5bb44fcd7631"
  integrity sha512-wXR/dYpcqKmfWpEdZjiKJOwCNFndD0DMnrW/cYjVGttEkBfVgcLFHoNrlj47mjOVic9yyNu65alsgF4NQyTa2g==
  dependencies:
    fdir "^6.5.0"
    picomatch "^4.0.4"

update-browserslist-db@^1.3.0:
  version "1.3.1"
  resolved "https://registry.yarnpkg.com/update-browserslist-db/-/update-browserslist-db-1.3.1.tgz#a71c28dd22f505481dbc4689087b18d933e90afd"
  integrity sha512-ZZ61DsRsOnakl74HAmp3oSN4aXUmEWXf+i/yv0h7tIBfICc3VdrFErQKUUKPgu3AMsTUMbcongALEN4l6GSUrQ==
  dependencies:
    escalade "^3.2.0"
    picocolors "^1.1.1"

vite-plugin-environment@^1.1.3:
  version "1.1.3"
  resolved "https://registry.yarnpkg.com/vite-plugin-environment/-/vite-plugin-environment-1.1.3.tgz#d01a04abb2f69730a4866c9c9db51d3dab74645b"
  integrity sha512-9LBhB0lx+2lXVBEWxFZC+WO7PKEyE/ykJ7EPWCq95NEcCpblxamTbs5Dm3DLBGzwODpJMEnzQywJU8fw6XGGGA==

vite-plugin-full-reload@^1.1.0:
  version "1.2.0"
  resolved "https://registry.yarnpkg.com/vite-plugin-full-reload/-/vite-plugin-full-reload-1.2.0.tgz#bc4bfdc842abb4d24309ca802be8b955fce1c0c6"
  integrity sha512-kz18NW79x0IHbxRSHm0jttP4zoO9P9gXh+n6UTwlNKnviTTEpOlum6oS9SmecrTtSr+muHEn5TUuC75UovQzcA==
  dependencies:
    picocolors "^1.0.0"
    picomatch "^2.3.1"

vite-plugin-manifest-sri@^0.2.0:
  version "0.2.0"
  resolved "https://registry.yarnpkg.com/vite-plugin-manifest-sri/-/vite-plugin-manifest-sri-0.2.0.tgz#cb1cfd11692ee81f5d1194926cbea6d3a38b8599"
  integrity sha512-Zt5jt19xTIJ91LOuQTCtNG7rTFc5OziAjBz2H5NdCGqaOD1nxrWExLhcKW+W4/q8/jOPCg/n5ncYEQmqCxiGQQ==

vite-plugin-rails@^0.6.0:
  version "0.6.0"
  resolved "https://registry.yarnpkg.com/vite-plugin-rails/-/vite-plugin-rails-0.6.0.tgz#6af532b372728280277f38593dec519b18f3b555"
  integrity sha512-4Ze5Up+RD0QwF03WauEYtAaJU1SKWDHnojsDbyEQk4GZfp0alRuPWipOphFEla69VKrhw2adz5xmfRzr5wHb+A==
  dependencies:
    rollup-plugin-gzip "^4.2.0"
    vite-plugin-environment "^1.1.3"
    vite-plugin-full-reload "^1.1.0"
    vite-plugin-manifest-sri "^0.2.0"
    vite-plugin-ruby "^5.0.0"
    vite-plugin-stimulus-hmr "^3.0.0"

vite-plugin-ruby@^5.0.0:
  version "5.2.2"
  resolved "https://registry.yarnpkg.com/vite-plugin-ruby/-/vite-plugin-ruby-5.2.2.tgz#3a92ba5d67ebb32f655eee4fb5c79b6995b1bb91"
  integrity sha512-q4UY9Bu0pngcbSmrsJBWbzz35Wzx4vAGMPaOIwZLo6TQ6I2n5/x0BL64GXmOxZ4SeDz+t+nDANKTBpp7CFF9AA==
  dependencies:
    obug "^2.0"
    tinyglobby "^0.2.12"

vite-plugin-stimulus-hmr@^3.0.0:
  version "3.0.0"
  resolved "https://registry.yarnpkg.com/vite-plugin-stimulus-hmr/-/vite-plugin-stimulus-hmr-3.0.0.tgz#60410a69486e86a8c1a769fe4b10039ac5f8d910"
  integrity sha512-KElOiZOlaG4XilQQHrzK8M1u5UfK4EFfADJKQYbnmsUMifDOnPR6anVYgHAN95QyWJ67Q/rYWe5BB9M5OxocfQ==
  dependencies:
    debug "^4.3"
    stimulus-vite-helpers "^3.0.0"

vite@^8.0.0:
  version "8.2.1"
  resolved "https://registry.yarnpkg.com/vite/-/vite-8.2.1.tgz#6fc8d8bb843bd52353091fac978e194d4de5b31d"
  integrity sha512-EU/eS7BH3XROHh2YnBefjM6DBKA6ZeMZEYQbj7NLWg5wHYlhB8B/Mayd5XsgWq+NFYccDOTemRpdETWR6Ka/lw==
  dependencies:
    lightningcss "^1.33.0"
    picomatch "^4.0.5"
    postcss "^8.5.25"
    rolldown "~1.2.1"
    tinyglobby "^0.2.17"
  optionalDependencies:
    fsevents "~2.3.3"
